
Microsoft Visual Studio Solution File, Format Version 12.00
# Visual Studio Version 17
VisualStudioVersion = 17.3.32819.101
MinimumVisualStudioVersion = 10.0.40219.1
Project("{FAE04EC0-301F-11D3-BF4B-00C04F79EFBC}") = "PhanMemQuanLyPhim", "PhanMemQuanLyPhim\PhanMemQuanLyPhim.csproj", "{48C37717-2140-4956-A54A-D0D4FE40C863}"
EndProject
Global
	GlobalSection(SolutionConfigurationPlatforms) = preSolution
		Debug|Any CPU = Debug|Any CPU
		Release|Any CPU = Release|Any CPU
	EndGlobalSection
	GlobalSection(ProjectConfigurationPlatforms) = postSolution
		{48C37717-2140-4956-A54A-D0D4FE40C863}.Debug|Any CPU.ActiveCfg = Debug|Any CPU
		{48C37717-2140-4956-A54A-D0D4FE40C863}.Debug|Any CPU.Build.0 = Debug|Any CPU
		{48C37717-2140-4956-A54A-D0D4FE40C863}.Release|Any CPU.ActiveCfg = Release|Any CPU
		{48C37717-2140-4956-A54A-D0D4FE40C863}.Release|Any CPU.Build.0 = Release|Any CPU
	EndGlobalSection
	GlobalSection(SolutionProperties) = preSolution
		HideSolutionNode = FALSE
	EndGlobalSection
	GlobalSection(ExtensibilityGlobals) = postSolution
		SolutionGuid = {DFF575A2-EC13-4A2B-81F5-115881A850CB}
	EndGlobalSection
EndGlobal
